
Microsoft Visual Studio Solution File, Format Version 12.00
# Visual Studio Version 17
VisualStudioVersion = 17.0.31903.59
MinimumVisualStudioVersion = 10.0.40219.1
Project("{9A19103F-16F7-4668-BE54-9A1E7A4F7556}") = "Day01", "Day01\Day01.csproj", "{A1780E4C-E1F8-40BC-B2A5-7681B82CCD04}"
EndProject
Project("{9A19103F-16F7-4668-BE54-9A1E7A4F7556}") = "Input", "Input\Input.csproj", "{DEFA3FD5-A50B-470A-87A6-5823C2086EC3}"
EndProject
Project("{9A19103F-16F7-4668-BE54-9A1E7A4F7556}") = "Day02", "Day02\Day02.csproj", "{ED469E96-0BEC-46AA-805B-1A3BE0542DB9}"
EndProject
Project("{9A19103F-16F7-4668-BE54-9A1E7A4F7556}") = "Day03", "Day03\Day03.csproj", "{40716A0E-E919-4879-92AB-6A0BB9E24A12}"
EndProject
Project("{9A19103F-16F7-4668-BE54-9A1E7A4F7556}") = "Day04", "Day04\Day04.csproj", "{B97574E9-19A9-46C0-9370-D49FAEB42497}"
EndProject
Project("{9A19103F-16F7-4668-BE54-9A1E7A4F7556}") = "Day05", "Day05\Day05.csproj", "{21A162F4-55A3-4D65-828C-7A1D5A769CBB}"
EndProject
Project("{9A19103F-16F7-4668-BE54-9A1E7A4F7556}") = "Day06", "Day06\Day06.csproj", "{52123116-0593-4C39-9902-EF7ED0F185E9}"
EndProject
Project("{9A19103F-16F7-4668-BE54-9A1E7A4F7556}") = "Day07", "Day07\Day07.csproj", "{AB3CEDAE-EA16-4344-8802-571E2C124C97}"
EndProject
Project("{9A19103F-16F7-4668-BE54-9A1E7A4F7556}") = "Day08", "Day08\Day08.csproj", "{96F2E3B4-4F45-4A60-AABA-A71F2A7EC81B}"
EndProject
Project("{9A19103F-16F7-4668-BE54-9A1E7A4F7556}") = "Day09", "Day09\Day09.csproj", "{E5DB437D-715D-4601-9065-A61174029BDA}"
EndProject
Project("{9A19103F-16F7-4668-BE54-9A1E7A4F7556}") = "Day10", "Day10\Day10.csproj", "{8C4D84C4-373C-40D1-A506-1A6B117BE5C1}"
EndProject
Project("{9A19103F-16F7-4668-BE54-9A1E7A4F7556}") = "Day11", "Day11\Day11.csproj", "{4EFF0079-E453-4F29-B698-F2B80AF9A783}"
EndProject
Project("{9A19103F-16F7-4668-BE54-9A1E7A4F7556}") = "Day12", "Day12\Day12.csproj", "{D2679DEB-F9E2-4FC2-B763-B73FF463FB99}"
EndProject
Project("{FAE04EC0-301F-11D3-BF4B-00C04F79EFBC}") = "Day13", "Day13\Day13.csproj", "{561C24E3-CDAE-4D37-994A-CEE2076FA92B}"
EndProject
Global
	GlobalSection(SolutionConfigurationPlatforms) = preSolution
		Debug|Any CPU = Debug|Any CPU
		Release|Any CPU = Release|Any CPU
	EndGlobalSection
	GlobalSection(ProjectConfigurationPlatforms) = postSolution
		{A1780E4C-E1F8-40BC-B2A5-7681B82CCD04}.Debug|Any CPU.ActiveCfg = Debug|Any CPU
		{A1780E4C-E1F8-40BC-B2A5-7681B82CCD04}.Debug|Any CPU.Build.0 = Debug|Any CPU
		{A1780E4C-E1F8-40BC-B2A5-7681B82CCD04}.Release|Any CPU.ActiveCfg = Release|Any CPU
		{A1780E4C-E1F8-40BC-B2A5-7681B82CCD04}.Release|Any CPU.Build.0 = Release|Any CPU
		{DEFA3FD5-A50B-470A-87A6-5823C2086EC3}.Debug|Any CPU.ActiveCfg = Debug|Any CPU
		{DEFA3FD5-A50B-470A-87A6-5823C2086EC3}.Debug|Any CPU.Build.0 = Debug|Any CPU
		{DEFA3FD5-A50B-470A-87A6-5823C2086EC3}.Release|Any CPU.ActiveCfg = Release|Any CPU
		{DEFA3FD5-A50B-470A-87A6-5823C2086EC3}.Release|Any CPU.Build.0 = Release|Any CPU
		{ED469E96-0BEC-46AA-805B-1A3BE0542DB9}.Debug|Any CPU.ActiveCfg = Debug|Any CPU
		{ED469E96-0BEC-46AA-805B-1A3BE0542DB9}.Debug|Any CPU.Build.0 = Debug|Any CPU
		{ED469E96-0BEC-46AA-805B-1A3BE0542DB9}.Release|Any CPU.ActiveCfg = Release|Any CPU
		{ED469E96-0BEC-46AA-805B-1A3BE0542DB9}.Release|Any CPU.Build.0 = Release|Any CPU
		{40716A0E-E919-4879-92AB-6A0BB9E24A12}.Debug|Any CPU.ActiveCfg = Debug|Any CPU
		{40716A0E-E919-4879-92AB-6A0BB9E24A12}.Debug|Any CPU.Build.0 = Debug|Any CPU
		{40716A0E-E919-4879-92AB-6A0BB9E24A12}.Release|Any CPU.ActiveCfg = Release|Any CPU
		{40716A0E-E919-4879-92AB-6A0BB9E24A12}.Release|Any CPU.Build.0 = Release|Any CPU
		{B97574E9-19A9-46C0-9370-D49FAEB42497}.Debug|Any CPU.ActiveCfg = Debug|Any CPU
		{B97574E9-19A9-46C0-9370-D49FAEB42497}.Debug|Any CPU.Build.0 = Debug|Any CPU
		{B97574E9-19A9-46C0-9370-D49FAEB42497}.Release|Any CPU.ActiveCfg = Release|Any CPU
		{B97574E9-19A9-46C0-9370-D49FAEB42497}.Release|Any CPU.Build.0 = Release|Any CPU
		{21A162F4-55A3-4D65-828C-7A1D5A769CBB}.Debug|Any CPU.ActiveCfg = Debug|Any CPU
		{21A162F4-55A3-4D65-828C-7A1D5A769CBB}.Debug|Any CPU.Build.0 = Debug|Any CPU
		{21A162F4-55A3-4D65-828C-7A1D5A769CBB}.Release|Any CPU.ActiveCfg = Release|Any CPU
		{21A162F4-55A3-4D65-828C-7A1D5A769CBB}.Release|Any CPU.Build.0 = Release|Any CPU
		{52123116-0593-4C39-9902-EF7ED0F185E9}.Debug|Any CPU.ActiveCfg = Debug|Any CPU
		{52123116-0593-4C39-9902-EF7ED0F185E9}.Debug|Any CPU.Build.0 = Debug|Any CPU
		{52123116-0593-4C39-9902-EF7ED0F185E9}.Release|Any CPU.ActiveCfg = Release|Any CPU
		{52123116-0593-4C39-9902-EF7ED0F185E9}.Release|Any CPU.Build.0 = Release|Any CPU
		{AB3CEDAE-EA16-4344-8802-571E2C124C97}.Debug|Any CPU.ActiveCfg = Debug|Any CPU
		{AB3CEDAE-EA16-4344-8802-571E2C124C97}.Debug|Any CPU.Build.0 = Debug|Any CPU
		{AB3CEDAE-EA16-4344-8802-571E2C124C97}.Release|Any CPU.ActiveCfg = Release|Any CPU
		{AB3CEDAE-EA16-4344-8802-571E2C124C97}.Release|Any CPU.Build.0 = Release|Any CPU
		{96F2E3B4-4F45-4A60-AABA-A71F2A7EC81B}.Debug|Any CPU.ActiveCfg = Debug|Any CPU
		{96F2E3B4-4F45-4A60-AABA-A71F2A7EC81B}.Debug|Any CPU.Build.0 = Debug|Any CPU
		{96F2E3B4-4F45-4A60-AABA-A71F2A7EC81B}.Release|Any CPU.ActiveCfg = Release|Any CPU
		{96F2E3B4-4F45-4A60-AABA-A71F2A7EC81B}.Release|Any CPU.Build.0 = Release|Any CPU
		{E5DB437D-715D-4601-9065-A61174029BDA}.Debug|Any CPU.ActiveCfg = Debug|Any CPU
		{E5DB437D-715D-4601-9065-A61174029BDA}.Debug|Any CPU.Build.0 = Debug|Any CPU
		{E5DB437D-715D-4601-9065-A61174029BDA}.Release|Any CPU.ActiveCfg = Release|Any CPU
		{E5DB437D-715D-4601-9065-A61174029BDA}.Release|Any CPU.Build.0 = Release|Any CPU
		{8C4D84C4-373C-40D1-A506-1A6B117BE5C1}.Debug|Any CPU.ActiveCfg = Debug|Any CPU
		{8C4D84C4-373C-40D1-A506-1A6B117BE5C1}.Debug|Any CPU.Build.0 = Debug|Any CPU
		{8C4D84C4-373C-40D1-A506-1A6B117BE5C1}.Release|Any CPU.ActiveCfg = Release|Any CPU
		{8C4D84C4-373C-40D1-A506-1A6B117BE5C1}.Release|Any CPU.Build.0 = Release|Any CPU
		{4EFF0079-E453-4F29-B698-F2B80AF9A783}.Debug|Any CPU.ActiveCfg = Debug|Any CPU
		{4EFF0079-E453-4F29-B698-F2B80AF9A783}.Debug|Any CPU.Build.0 = Debug|Any CPU
		{4EFF0079-E453-4F29-B698-F2B80AF9A783}.Release|Any CPU.ActiveCfg = Release|Any CPU
		{4EFF0079-E453-4F29-B698-F2B80AF9A783}.Release|Any CPU.Build.0 = Release|Any CPU
		{D2679DEB-F9E2-4FC2-B763-B73FF463FB99}.Debug|Any CPU.ActiveCfg = Debug|Any CPU
		{D2679DEB-F9E2-4FC2-B763-B73FF463FB99}.Debug|Any CPU.Build.0 = Debug|Any CPU
		{D2679DEB-F9E2-4FC2-B763-B73FF463FB99}.Release|Any CPU.ActiveCfg = Release|Any CPU
		{D2679DEB-F9E2-4FC2-B763-B73FF463FB99}.Release|Any CPU.Build.0 = Release|Any CPU
		{561C24E3-CDAE-4D37-994A-CEE2076FA92B}.Debug|Any CPU.ActiveCfg = Debug|Any CPU
		{561C24E3-CDAE-4D37-994A-CEE2076FA92B}.Debug|Any CPU.Build.0 = Debug|Any CPU
		{561C24E3-CDAE-4D37-994A-CEE2076FA92B}.Release|Any CPU.ActiveCfg = Release|Any CPU
		{561C24E3-CDAE-4D37-994A-CEE2076FA92B}.Release|Any CPU.Build.0 = Release|Any CPU
	EndGlobalSection
	GlobalSection(SolutionProperties) = preSolution
		HideSolutionNode = FALSE
	EndGlobalSection
	GlobalSection(ExtensibilityGlobals) = postSolution
		SolutionGuid = {E78ACC02-22E4-4998-833F-58EFDCCD78FE}
	EndGlobalSection
EndGlobal
